
Microsoft Visual Studio Solution File, Format Version 12.00
# Visual Studio Version 16
VisualStudioVersion = 16.0.29613.14
MinimumVisualStudioVersion = 10.0.40219.1
Project("{FAE04EC0-301F-11D3-BF4B-00C04F79EFBC}") = "CMDR_ECS", "CMDR_ECS.csproj", "{BDDEEB19-2347-449B-8641-50E2CD586444}"
EndProject
Global
	GlobalSection(SolutionConfigurationPlatforms) = preSolution
		Debug|Any CPU = Debug|Any CPU
		Release|Any CPU = Release|Any CPU
	EndGlobalSection
	GlobalSection(ProjectConfigurationPlatforms) = postSolution
		{BDDEEB19-2347-449B-8641-50E2CD586444}.Debug|Any CPU.ActiveCfg = Debug|Any CPU
		{BDDEEB19-2347-449B-8641-50E2CD586444}.Debug|Any CPU.Build.0 = Debug|Any CPU
		{BDDEEB19-2347-449B-8641-50E2CD586444}.Release|Any CPU.ActiveCfg = Release|Any CPU
		{BDDEEB19-2347-449B-8641-50E2CD586444}.Release|Any CPU.Build.0 = Release|Any CPU
	EndGlobalSection
	GlobalSection(SolutionProperties) = preSolution
		HideSolutionNode = FALSE
	EndGlobalSection
	GlobalSection(ExtensibilityGlobals) = postSolution
		SolutionGuid = {85BF5A52-8E7A-41C1-8B03-7ECB0D9346A1}
	EndGlobalSection
EndGlobal
